# This file is automatically @generated by Cargo.
# It is not intended for manual editing.
version = 3

[[package]]
name = "arrayvec"
version = "0.7.4"
source = "registry+https://github.com/rust-lang/crates.io-index"
checksum = "96d30a06541fbafbc7f82ed10c06164cfbd2c401138f6addd8404629c4b16711"

[[package]]
name = "autocfg"
version = "1.1.0"
source = "registry+https://github.com/rust-lang/crates.io-index"
checksum = "d468802bab17cbc0cc575e9b053f41e72aa36bfa6b7f55e3529ffa43161b97fa"

[[package]]
name = "bitflags"
version = "2.4.1"
source = "registry+https://github.com/rust-lang/crates.io-index"
checksum = "327762f6e5a765692301e5bb513e0d9fef63be86bbc14528052b1cd3e6f03e07"

[[package]]
name = "btoi"
version = "0.4.3"
source = "registry+https://github.com/rust-lang/crates.io-index"
checksum = "9dd6407f73a9b8b6162d8a2ef999fe6afd7cc15902ebf42c5cd296addf17e0ad"
dependencies = [
 "num-traits",
]

[[package]]
name = "chess-analysis"
version = "0.1.0"
dependencies = [
 "pgn-reader",
]

[[package]]
name = "circular"
version = "0.3.0"
source = "registry+https://github.com/rust-lang/crates.io-index"
checksum = "b0fc239e0f6cb375d2402d48afb92f76f5404fd1df208a41930ec81eda078bea"

[[package]]
name = "memchr"
version = "2.6.4"
source = "registry+https://github.com/rust-lang/crates.io-index"
checksum = "f665ee40bc4a3c5590afb1e9677db74a508659dfd71e126420da8274909a0167"

[[package]]
name = "num-traits"
version = "0.2.17"
source = "registry+https://github.com/rust-lang/crates.io-index"
checksum = "39e3200413f237f41ab11ad6d161bc7239c84dcb631773ccd7de3dfe4b5c267c"
dependencies = [
 "autocfg",
]

[[package]]
name = "pgn-reader"
version = "0.25.0"
source = "registry+https://github.com/rust-lang/crates.io-index"
checksum = "0edcf8bb0057c3029ed84af36d2339f6ecd109ba69c301968655959d81b8f18d"
dependencies = [
 "btoi",
 "circular",
 "memchr",
 "shakmaty",
]

[[package]]
name = "shakmaty"
version = "0.26.0"
source = "registry+https://github.com/rust-lang/crates.io-index"
checksum = "7da274d26b6aac011b0af8ec3514eb1d598cf51fb47944d1d2142338f210cfb3"
dependencies = [
 "arrayvec",
 "bitflags",
 "btoi",
]
